
Microsoft Visual Studio Solution File, Format Version 12.00
# Visual Studio Version 17
VisualStudioVersion = 17.11.35222.181
MinimumVisualStudioVersion = 10.0.40219.1
Project("{FAE04EC0-301F-11D3-BF4B-00C04F79EFBC}") = "ClaimManagementSystem", "ClaimManagementSystem\ClaimManagementSystem.csproj", "{770A2086-0248-4AAC-A67A-0D606C0AEEE5}"
EndProject
Global
	GlobalSection(SolutionConfigurationPlatforms) = preSolution
		Debug|Any CPU = Debug|Any CPU
		Release|Any CPU = Release|Any CPU
	EndGlobalSection
	GlobalSection(ProjectConfigurationPlatforms) = postSolution
		{770A2086-0248-4AAC-A67A-0D606C0AEEE5}.Debug|Any CPU.ActiveCfg = Debug|Any CPU
		{770A2086-0248-4AAC-A67A-0D606C0AEEE5}.Debug|Any CPU.Build.0 = Debug|Any CPU
		{770A2086-0248-4AAC-A67A-0D606C0AEEE5}.Release|Any CPU.ActiveCfg = Release|Any CPU
		{770A2086-0248-4AAC-A67A-0D606C0AEEE5}.Release|Any CPU.Build.0 = Release|Any CPU
	EndGlobalSection
	GlobalSection(SolutionProperties) = preSolution
		HideSolutionNode = FALSE
	EndGlobalSection
	GlobalSection(ExtensibilityGlobals) = postSolution
		SolutionGuid = {746EEC85-00A4-4938-BC31-9ECDA9980C9B}
	EndGlobalSection
EndGlobal
